
Microsoft Visual Studio Solution File, Format Version 12.00
# Visual Studio 15
VisualStudioVersion = 15.0.27130.2024
MinimumVisualStudioVersion = 10.0.40219.1
Project("{FAE04EC0-301F-11D3-BF4B-00C04F79EFBC}") = "LoginNew", "LoginNew\LoginNew.csproj", "{1C62BBE5-AC93-4F27-BB95-858EC072FC37}"
EndProject
Global
	GlobalSection(SolutionConfigurationPlatforms) = preSolution
		Debug|Any CPU = Debug|Any CPU
		Release|Any CPU = Release|Any CPU
		Version1|Any CPU = Version1|Any CPU
	EndGlobalSection
	GlobalSection(ProjectConfigurationPlatforms) = postSolution
		{1C62BBE5-AC93-4F27-BB95-858EC072FC37}.Debug|Any CPU.ActiveCfg = Debug|Any CPU
		{1C62BBE5-AC93-4F27-BB95-858EC072FC37}.Debug|Any CPU.Build.0 = Debug|Any CPU
		{1C62BBE5-AC93-4F27-BB95-858EC072FC37}.Release|Any CPU.ActiveCfg = Release|Any CPU
		{1C62BBE5-AC93-4F27-BB95-858EC072FC37}.Release|Any CPU.Build.0 = Release|Any CPU
		{1C62BBE5-AC93-4F27-BB95-858EC072FC37}.Version1|Any CPU.ActiveCfg = Release|Any CPU
		{1C62BBE5-AC93-4F27-BB95-858EC072FC37}.Version1|Any CPU.Build.0 = Release|Any CPU
	EndGlobalSection
	GlobalSection(SolutionProperties) = preSolution
		HideSolutionNode = FALSE
	EndGlobalSection
	GlobalSection(ExtensibilityGlobals) = postSolution
		SolutionGuid = {7B50DDD3-3DE1-4C0B-9F84-74ECB59D5D53}
	EndGlobalSection
EndGlobal
